PODS:
  - EnhancedCircleImageView (0.1)
  - Eureka (4.3.1)
  - ImageRow (3.2.0):
    - Eureka (~> 4.3)
  - MaterialComponents/AnimationTiming (93.2.0)
  - MaterialComponents/Buttons (93.2.0):
    - MaterialComponents/Elevation
    - MaterialComponents/Ink
    - MaterialComponents/private/Math
    - MaterialComponents/Ripple
    - MaterialComponents/ShadowElevations
    - MaterialComponents/ShadowLayer
    - MaterialComponents/Shapes
    - MaterialComponents/Typography
    - MDFInternationalization
    - MDFTextAccessibility
  - MaterialComponents/Elevation (93.2.0):
    - MaterialComponents/private/Color
    - MaterialComponents/private/Math
  - MaterialComponents/Ink (93.2.0):
    - MaterialComponents/private/Color
    - MaterialComponents/private/Math
  - MaterialComponents/private/Application (93.2.0)
  - MaterialComponents/private/Color (93.2.0)
  - MaterialComponents/private/Math (93.2.0)
  - MaterialComponents/Ripple (93.2.0):
    - MaterialComponents/AnimationTiming
    - MaterialComponents/private/Color
    - MaterialComponents/private/Math
  - MaterialComponents/ShadowElevations (93.2.0)
  - MaterialComponents/ShadowLayer (93.2.0):
    - MaterialComponents/ShadowElevations
  - MaterialComponents/Shapes (93.2.0):
    - MaterialComponents/private/Color
    - MaterialComponents/private/Math
    - MaterialComponents/ShadowLayer
  - MaterialComponents/Typography (93.2.0):
    - MaterialComponents/private/Application
    - MaterialComponents/private/Math
  - MDFInternationalization (2.0.0)
  - MDFTextAccessibility (2.0.0)
  - Realm (3.19.1):
    - Realm/Headers (= 3.19.1)
  - Realm/Headers (3.19.1)
  - RealmSwift (3.19.1):
    - Realm (= 3.19.1)
  - SwipeCellKit (2.6.0)

DEPENDENCIES:
  - EnhancedCircleImageView
  - Eureka (~> 4.3.0)
  - ImageRow (~> 3.0)
  - MaterialComponents/Buttons
  - RealmSwift (~> 3.19.0)
  - SwipeCellKit (= 2.6.0)

SPEC REPOS:
  trunk:
    - EnhancedCircleImageView
    - Eureka
    - ImageRow
    - MaterialComponents
    - MDFInternationalization
    - MDFTextAccessibility
    - Realm
    - RealmSwift
    - SwipeCellKit

SPEC CHECKSUMS:
  EnhancedCircleImageView: 1069bbc14526d89502cc0e48b45f5da6a3317a47
  Eureka: 28ea296f06710f6745266b71f17862048941a32d
  ImageRow: 03681b3ef8034b5a649440325f5d5ba7b22c1b0a
  MaterialComponents: 2acbd2e1f58788fc3435acb48606a60d42551d4c
  MDFInternationalization: 010097556d6b09d2c4ea38e0820ea6d37be6a314
  MDFTextAccessibility: 85c09a1bd9c321f494348e632a25063bcda35a53
  Realm: fb377747e694c7deb62d402400454134fe321bee
  RealmSwift: 1302b0ab60f3105a2b214a735eeb0938607cf16b
  SwipeCellKit: 935ca28c187ec6e1ffb2b578cf8ddca842bfdcbb

PODFILE CHECKSUM: fa0a76f136c3804eb6ffdb278cefce3ac632f7df

COCOAPODS: 1.8.4
